// !$*UTF8*$!
{
	archiveVersion = 1;
	classes = {
	};
	objectVersion = 50;
	objects = {

/* Begin PBXBuildFile section */
		B921932421ADD04A00D74E07 /* PlanetaryHourAnnotations.m in Sources */ = {isa = PBXBuildFile; fileRef = B921932321ADD04A00D74E07 /* PlanetaryHourAnnotations.m */; };
		B925476F21AF5FC20001D43A /* SnappingSlider.m in Sources */ = {isa = PBXBuildFile; fileRef = B925476D21AF5FC10001D43A /* SnappingSlider.m */; };
		B92815662183AB59002177E0 /* AppDelegate.m in Sources */ = {isa = PBXBuildFile; fileRef = B92815652183AB59002177E0 /* AppDelegate.m */; };
		B92815692183AB59002177E0 /* RootViewController.m in Sources */ = {isa = PBXBuildFile; fileRef = B92815682183AB59002177E0 /* RootViewController.m */; };
		B928156C2183AB59002177E0 /* DataViewController.m in Sources */ = {isa = PBXBuildFile; fileRef = B928156B2183AB59002177E0 /* DataViewController.m */; };
		B928156F2183AB59002177E0 /* ModelController.m in Sources */ = {isa = PBXBuildFile; fileRef = B928156E2183AB59002177E0 /* ModelController.m */; };
		B92815722183AB59002177E0 /* Main.storyboard in Resources */ = {isa = PBXBuildFile; fileRef = B92815702183AB59002177E0 /* Main.storyboard */; };
		B92815742183AB5A002177E0 /* Assets.xcassets in Resources */ = {isa = PBXBuildFile; fileRef = B92815732183AB5A002177E0 /* Assets.xcassets */; };
		B92815772183AB5A002177E0 /* LaunchScreen.storyboard in Resources */ = {isa = PBXBuildFile; fileRef = B92815752183AB5A002177E0 /* LaunchScreen.storyboard */; };
		B928157A2183AB5A002177E0 /* main.m in Sources */ = {isa = PBXBuildFile; fileRef = B92815792183AB5A002177E0 /* main.m */; };
		B92815832183D69A002177E0 /* EventKitUI.framework in Frameworks */ = {isa = PBXBuildFile; fileRef = B92815812183D699002177E0 /* EventKitUI.framework */; };
		B92815842183D69A002177E0 /* EventKit.framework in Frameworks */ = {isa = PBXBuildFile; fileRef = B92815822183D699002177E0 /* EventKit.framework */; };
		B92D3B9321868C2E00D72791 /* PlanetaryHourDataSource.m in Sources */ = {isa = PBXBuildFile; fileRef = B92D3B9121868C2D00D72791 /* PlanetaryHourDataSource.m */; };
		B92D3BAB2186F94E00D72791 /* FESSolarCalculator.m in Sources */ = {isa = PBXBuildFile; fileRef = B92D3BA92186F94E00D72791 /* FESSolarCalculator.m */; };
		B99CFFD6219AAE3800A145EC /* DateTimePickerViewController.m in Sources */ = {isa = PBXBuildFile; fileRef = B99CFFD5219AAE3800A145EC /* DateTimePickerViewController.m */; };
		B9F1DD302190FFD300728895 /* MapKit.framework in Frameworks */ = {isa = PBXBuildFile; fileRef = B9F1DD2F2190FFD300728895 /* MapKit.framework */; };
		B9F1DD332192319700728895 /* MKPointAnnotation+MKPointAnnotation_DispatchTimer.m in Sources */ = {isa = PBXBuildFile; fileRef = B9F1DD322192319700728895 /* MKPointAnnotation+MKPointAnnotation_DispatchTimer.m */; };
/* End PBXBuildFile section */

/* Begin PBXFileReference section */
		B921932221ADD04A00D74E07 /* PlanetaryHourAnnotations.h */ = {isa = PBXFileReference; lastKnownFileType = sourcecode.c.h; name = PlanetaryHourAnnotations.h; path = PlanetaryHoursCalendar/PlanetaryHourAnnotations.h; sourceTree = "<group>"; };
		B921932321ADD04A00D74E07 /* PlanetaryHourAnnotations.m */ = {isa = PBXFileReference; lastKnownFileType = sourcecode.c.objc; name = PlanetaryHourAnnotations.m; path = PlanetaryHoursCalendar/PlanetaryHourAnnotations.m; sourceTree = "<group>"; wrapsLines = 0; };
		B925476D21AF5FC10001D43A /* SnappingSlider.m */ = {isa = PBXFileReference; fileEncoding = 4; lastKnownFileType = sourcecode.c.objc; path = SnappingSlider.m; sourceTree = "<group>"; wrapsLines = 0; };
		B925476E21AF5FC20001D43A /* SnappingSlider.h */ = {isa = PBXFileReference; fileEncoding = 4; lastKnownFileType = sourcecode.c.h; path = SnappingSlider.h; sourceTree = "<group>"; };
		B92815612183AB59002177E0 /* PlanetaryHoursCalendar.app */ = {isa = PBXFileReference; explicitFileType = wrapper.application; includeInIndex = 0; path = PlanetaryHoursCalendar.app; sourceTree = BUILT_PRODUCTS_DIR; };
		B92815642183AB59002177E0 /* AppDelegate.h */ = {isa = PBXFileReference; lastKnownFileType = sourcecode.c.h; path = AppDelegate.h; sourceTree = "<group>"; };
		B92815652183AB59002177E0 /* AppDelegate.m */ = {isa = PBXFileReference; lastKnownFileType = sourcecode.c.objc; path = AppDelegate.m; sourceTree = "<group>"; };
		B92815672183AB59002177E0 /* RootViewController.h */ = {isa = PBXFileReference; lastKnownFileType = sourcecode.c.h; path = RootViewController.h; sourceTree = "<group>"; wrapsLines = 0; };
		B92815682183AB59002177E0 /* RootViewController.m */ = {isa = PBXFileReference; lastKnownFileType = sourcecode.c.objc; path = RootViewController.m; sourceTree = "<group>"; wrapsLines = 0; };
		B928156A2183AB59002177E0 /* DataViewController.h */ = {isa = PBXFileReference; lastKnownFileType = sourcecode.c.h; path = DataViewController.h; sourceTree = "<group>"; };
		B928156B2183AB59002177E0 /* DataViewController.m */ = {isa = PBXFileReference; lastKnownFileType = sourcecode.c.objc; path = DataViewController.m; sourceTree = "<group>"; wrapsLines = 0; };
		B928156D2183AB59002177E0 /* ModelController.h */ = {isa = PBXFileReference; lastKnownFileType = sourcecode.c.h; path = ModelController.h; sourceTree = "<group>"; };
		B928156E2183AB59002177E0 /* ModelController.m */ = {isa = PBXFileReference; lastKnownFileType = sourcecode.c.objc; path = ModelController.m; sourceTree = "<group>"; wrapsLines = 0; };
		B92815712183AB59002177E0 /* Base */ = {isa = PBXFileReference; lastKnownFileType = file.storyboard; name = Base; path = Base.lproj/Main.storyboard; sourceTree = "<group>"; };
		B92815732183AB5A002177E0 /* Assets.xcassets */ = {isa = PBXFileReference; lastKnownFileType = folder.assetcatalog; path = Assets.xcassets; sourceTree = "<group>"; };
		B92815762183AB5A002177E0 /* Base */ = {isa = PBXFileReference; lastKnownFileType = file.storyboard; name = Base; path = Base.lproj/LaunchScreen.storyboard; sourceTree = "<group>"; };
		B92815782183AB5A002177E0 /* Info.plist */ = {isa = PBXFileReference; lastKnownFileType = text.plist.xml; path = Info.plist; sourceTree = "<group>"; };
		B92815792183AB5A002177E0 /* main.m */ = {isa = PBXFileReference; lastKnownFileType = sourcecode.c.objc; path = main.m; sourceTree = "<group>"; };
		B92815812183D699002177E0 /* EventKitUI.framework */ = {isa = PBXFileReference; lastKnownFileType = wrapper.framework; name = EventKitUI.framework; path = System/Library/Frameworks/EventKitUI.framework; sourceTree = SDKROOT; };
		B92815822183D699002177E0 /* EventKit.framework */ = {isa = PBXFileReference; lastKnownFileType = wrapper.framework; name = EventKit.framework; path = System/Library/Frameworks/EventKit.framework; sourceTree = SDKROOT; };
		B92D3B9121868C2D00D72791 /* PlanetaryHourDataSource.m */ = {isa = PBXFileReference; fileEncoding = 4; lastKnownFileType = sourcecode.c.objc; path = PlanetaryHourDataSource.m; sourceTree = "<group>"; wrapsLines = 0; };
		B92D3B9221868C2D00D72791 /* PlanetaryHourDataSource.h */ = {isa = PBXFileReference; fileEncoding = 4; lastKnownFileType = sourcecode.c.h; path = PlanetaryHourDataSource.h; sourceTree = "<group>"; wrapsLines = 0; };
		B92D3BA92186F94E00D72791 /* FESSolarCalculator.m */ = {isa = PBXFileReference; fileEncoding = 4; lastKnownFileType = sourcecode.c.objc; path = FESSolarCalculator.m; sourceTree = "<group>"; };
		B92D3BAA2186F94E00D72791 /* FESSolarCalculator.h */ = {isa = PBXFileReference; fileEncoding = 4; lastKnownFileType = sourcecode.c.h; path = FESSolarCalculator.h; sourceTree = "<group>"; };
		B99CFFD4219AAE3800A145EC /* DateTimePickerViewController.h */ = {isa = PBXFileReference; lastKnownFileType = sourcecode.c.h; path = DateTimePickerViewController.h; sourceTree = "<group>"; };
		B99CFFD5219AAE3800A145EC /* DateTimePickerViewController.m */ = {isa = PBXFileReference; lastKnownFileType = sourcecode.c.objc; path = DateTimePickerViewController.m; sourceTree = "<group>"; wrapsLines = 0; };
		B9F1DD2F2190FFD300728895 /* MapKit.framework */ = {isa = PBXFileReference; lastKnownFileType = wrapper.framework; name = MapKit.framework; path = System/Library/Frameworks/MapKit.framework; sourceTree = SDKROOT; };
		B9F1DD312192319700728895 /* MKPointAnnotation+MKPointAnnotation_DispatchTimer.h */ = {isa = PBXFileReference; lastKnownFileType = sourcecode.c.h; name = "MKPointAnnotation+MKPointAnnotation_DispatchTimer.h"; path = "PlanetaryHoursCalendar/MKPointAnnotation+MKPointAnnotation_DispatchTimer.h"; sourceTree = "<group>"; };
		B9F1DD322192319700728895 /* MKPointAnnotation+MKPointAnnotation_DispatchTimer.m */ = {isa = PBXFileReference; lastKnownFileType = sourcecode.c.objc; name = "MKPointAnnotation+MKPointAnnotation_DispatchTimer.m"; path = "PlanetaryHoursCalendar/MKPointAnnotation+MKPointAnnotation_DispatchTimer.m"; sourceTree = "<group>"; wrapsLines = 0; };
/* End PBXFileReference section */

/* Begin PBXFrameworksBuildPhase section */
		B928155E2183AB59002177E0 /* Frameworks */ = {
			isa = PBXFrameworksBuildPhase;
			buildActionMask = 2147483647;
			files = (
				B9F1DD302190FFD300728895 /* MapKit.framework in Frameworks */,
				B92815832183D69A002177E0 /* EventKitUI.framework in Frameworks */,
				B92815842183D69A002177E0 /* EventKit.framework in Frameworks */,
			);
			runOnlyForDeploymentPostprocessing = 0;
		};
/* End PBXFrameworksBuildPhase section */

/* Begin PBXGroup section */
		B92815582183AB59002177E0 = {
			isa = PBXGroup;
			children = (
				B9F1DD312192319700728895 /* MKPointAnnotation+MKPointAnnotation_DispatchTimer.h */,
				B9F1DD322192319700728895 /* MKPointAnnotation+MKPointAnnotation_DispatchTimer.m */,
				B921932221ADD04A00D74E07 /* PlanetaryHourAnnotations.h */,
				B921932321ADD04A00D74E07 /* PlanetaryHourAnnotations.m */,
				B925476E21AF5FC20001D43A /* SnappingSlider.h */,
				B925476D21AF5FC10001D43A /* SnappingSlider.m */,
				B92815632183AB59002177E0 /* PlanetaryHoursCalendar */,
				B92815622183AB59002177E0 /* Products */,
				B92815802183D699002177E0 /* Frameworks */,
			);
			sourceTree = "<group>";
		};
		B92815622183AB59002177E0 /* Products */ = {
			isa = PBXGroup;
			children = (
				B92815612183AB59002177E0 /* PlanetaryHoursCalendar.app */,
			);
			name = Products;
			sourceTree = "<group>";
		};
		B92815632183AB59002177E0 /* PlanetaryHoursCalendar */ = {
			isa = PBXGroup;
			children = (
				B92D3BAA2186F94E00D72791 /* FESSolarCalculator.h */,
				B92D3BA92186F94E00D72791 /* FESSolarCalculator.m */,
				B92D3B9221868C2D00D72791 /* PlanetaryHourDataSource.h */,
				B92D3B9121868C2D00D72791 /* PlanetaryHourDataSource.m */,
				B92815642183AB59002177E0 /* AppDelegate.h */,
				B92815652183AB59002177E0 /* AppDelegate.m */,
				B92815672183AB59002177E0 /* RootViewController.h */,
				B92815682183AB59002177E0 /* RootViewController.m */,
				B99CFFD4219AAE3800A145EC /* DateTimePickerViewController.h */,
				B99CFFD5219AAE3800A145EC /* DateTimePickerViewController.m */,
				B928156A2183AB59002177E0 /* DataViewController.h */,
				B928156B2183AB59002177E0 /* DataViewController.m */,
				B928156D2183AB59002177E0 /* ModelController.h */,
				B928156E2183AB59002177E0 /* ModelController.m */,
				B92815702183AB59002177E0 /* Main.storyboard */,
				B92815732183AB5A002177E0 /* Assets.xcassets */,
				B92815752183AB5A002177E0 /* LaunchScreen.storyboard */,
				B92815782183AB5A002177E0 /* Info.plist */,
				B92815792183AB5A002177E0 /* main.m */,
			);
			path = PlanetaryHoursCalendar;
			sourceTree = "<group>";
		};
		B92815802183D699002177E0 /* Frameworks */ = {
			isa = PBXGroup;
			children = (
				B9F1DD2F2190FFD300728895 /* MapKit.framework */,
				B92815822183D699002177E0 /* EventKit.framework */,
				B92815812183D699002177E0 /* EventKitUI.framework */,
			);
			name = Frameworks;
			sourceTree = "<group>";
		};
/* End PBXGroup section */

/* Begin PBXNativeTarget section */
		B92815602183AB59002177E0 /* PlanetaryHoursCalendar */ = {
			isa = PBXNativeTarget;
			buildConfigurationList = B928157D2183AB5A002177E0 /* Build configuration list for PBXNativeTarget "PlanetaryHoursCalendar" */;
			buildPhases = (
				B928155D2183AB59002177E0 /* Sources */,
				B928155E2183AB59002177E0 /* Frameworks */,
				B928155F2183AB59002177E0 /* Resources */,
			);
			buildRules = (
			);
			dependencies = (
			);
			name = PlanetaryHoursCalendar;
			productName = PlanetaryHoursCalendar;
			productReference = B92815612183AB59002177E0 /* PlanetaryHoursCalendar.app */;
			productType = "com.apple.product-type.application";
		};
/* End PBXNativeTarget section */

/* Begin PBXProject section */
		B92815592183AB59002177E0 /* Project object */ = {
			isa = PBXProject;
			attributes = {
				LastUpgradeCheck = 1010;
				ORGANIZATIONNAME = "The Life of a Demoniac";
				TargetAttributes = {
					B92815602183AB59002177E0 = {
						CreatedOnToolsVersion = 10.1;
					};
				};
			};
			buildConfigurationList = B928155C2183AB59002177E0 /* Build configuration list for PBXProject "PlanetaryHoursCalendar" */;
			compatibilityVersion = "Xcode 9.3";
			developmentRegion = en;
			hasScannedForEncodings = 0;
			knownRegions = (
				en,
				Base,
			);
			mainGroup = B92815582183AB59002177E0;
			productRefGroup = B92815622183AB59002177E0 /* Products */;
			projectDirPath = "";
			projectRoot = "";
			targets = (
				B92815602183AB59002177E0 /* PlanetaryHoursCalendar */,
			);
		};
/* End PBXProject section */

/* Begin PBXResourcesBuildPhase section */
		B928155F2183AB59002177E0 /* Resources */ = {
			isa = PBXResourcesBuildPhase;
			buildActionMask = 2147483647;
			files = (
				B92815772183AB5A002177E0 /* LaunchScreen.storyboard in Resources */,
				B92815742183AB5A002177E0 /* Assets.xcassets in Resources */,
				B92815722183AB59002177E0 /* Main.storyboard in Resources */,
			);
			runOnlyForDeploymentPostprocessing = 0;
		};
/* End PBXResourcesBuildPhase section */

/* Begin PBXSourcesBuildPhase section */
		B928155D2183AB59002177E0 /* Sources */ = {
			isa = PBXSourcesBuildPhase;
			buildActionMask = 2147483647;
			files = (
				B925476F21AF5FC20001D43A /* SnappingSlider.m in Sources */,
				B921932421ADD04A00D74E07 /* PlanetaryHourAnnotations.m in Sources */,
				B92D3BAB2186F94E00D72791 /* FESSolarCalculator.m in Sources */,
				B928157A2183AB5A002177E0 /* main.m in Sources */,
				B99CFFD6219AAE3800A145EC /* DateTimePickerViewController.m in Sources */,
				B92815692183AB59002177E0 /* RootViewController.m in Sources */,
				B9F1DD332192319700728895 /* MKPointAnnotation+MKPointAnnotation_DispatchTimer.m in Sources */,
				B928156F2183AB59002177E0 /* ModelController.m in Sources */,
				B928156C2183AB59002177E0 /* DataViewController.m in Sources */,
				B92815662183AB59002177E0 /* AppDelegate.m in Sources */,
				B92D3B9321868C2E00D72791 /* PlanetaryHourDataSource.m in Sources */,
			);
			runOnlyForDeploymentPostprocessing = 0;
		};
/* End PBXSourcesBuildPhase section */

/* Begin PBXVariantGroup section */
		B92815702183AB59002177E0 /* Main.storyboard */ = {
			isa = PBXVariantGroup;
			children = (
				B92815712183AB59002177E0 /* Base */,
			);
			name = Main.storyboard;
			sourceTree = "<group>";
		};
		B92815752183AB5A002177E0 /* LaunchScreen.storyboard */ = {
			isa = PBXVariantGroup;
			children = (
				B92815762183AB5A002177E0 /* Base */,
			);
			name = LaunchScreen.storyboard;
			sourceTree = "<group>";
		};
/* End PBXVariantGroup section */

/* Begin XCBuildConfiguration section */
		B928157B2183AB5A002177E0 /* Debug */ = {
			isa = XCBuildConfiguration;
			buildSettings = {
				ALWAYS_SEARCH_USER_PATHS = NO;
				CLANG_ANALYZER_NONNULL = YES;
				CLANG_ANALYZER_NUMBER_OBJECT_CONVERSION = YES_AGGRESSIVE;
				CLANG_CXX_LANGUAGE_STANDARD = "gnu++14";
				CLANG_CXX_LIBRARY = "libc++";
				CLANG_ENABLE_MODULES = YES;
				CLANG_ENABLE_OBJC_ARC = YES;
				CLANG_ENABLE_OBJC_WEAK = YES;
				CLANG_WARN_BLOCK_CAPTURE_AUTORELEASING = YES;
				CLANG_WARN_BOOL_CONVERSION = YES;
				CLANG_WARN_COMMA = YES;
				CLANG_WARN_CONSTANT_CONVERSION = YES;
				CLANG_WARN_DEPRECATED_OBJC_IMPLEMENTATIONS = YES;
				CLANG_WARN_DIRECT_OBJC_ISA_USAGE = YES_ERROR;
				CLANG_WARN_DOCUMENTATION_COMMENTS = YES;
				CLANG_WARN_EMPTY_BODY = YES;
				CLANG_WARN_ENUM_CONVERSION = YES;
				CLANG_WARN_INFINITE_RECURSION = YES;
				CLANG_WARN_INT_CONVERSION = YES;
				CLANG_WARN_NON_LITERAL_NULL_CONVERSION = YES;
				CLANG_WARN_OBJC_IMPLICIT_RETAIN_SELF = YES;
				CLANG_WARN_OBJC_LITERAL_CONVERSION = YES;
				CLANG_WARN_OBJC_ROOT_CLASS = YES_ERROR;
				CLANG_WARN_RANGE_LOOP_ANALYSIS = YES;
				CLANG_WARN_STRICT_PROTOTYPES = YES;
				CLANG_WARN_SUSPICIOUS_MOVE = YES;
				CLANG_WARN_UNGUARDED_AVAILABILITY = YES_AGGRESSIVE;
				CLANG_WARN_UNREACHABLE_CODE = YES;
				CLANG_WARN__DUPLICATE_METHOD_MATCH = YES;
				CODE_SIGN_IDENTITY = "iPhone Developer";
				COPY_PHASE_STRIP = NO;
				DEBUG_INFORMATION_FORMAT = dwarf;
				ENABLE_STRICT_OBJC_MSGSEND = YES;
				ENABLE_TESTABILITY = YES;
				GCC_C_LANGUAGE_STANDARD = gnu11;
				GCC_DYNAMIC_NO_PIC = NO;
				GCC_NO_COMMON_BLOCKS = YES;
				GCC_OPTIMIZATION_LEVEL = 0;
				GCC_PREPROCESSOR_DEFINITIONS = (
					"DEBUG=1",
					"$(inherited)",
				);
				GCC_WARN_64_TO_32_BIT_CONVERSION = YES;
				GCC_WARN_ABOUT_RETURN_TYPE = YES_ERROR;
				GCC_WARN_UNDECLARED_SELECTOR = YES;
				GCC_WARN_UNINITIALIZED_AUTOS = YES_AGGRESSIVE;
				GCC_WARN_UNUSED_FUNCTION = YES;
				GCC_WARN_UNUSED_VARIABLE = YES;
				IPHONEOS_DEPLOYMENT_TARGET = 12.1;
				MTL_ENABLE_DEBUG_INFO = INCLUDE_SOURCE;
				MTL_FAST_MATH = YES;
				ONLY_ACTIVE_ARCH = YES;
				SDKROOT = iphoneos;
			};
			name = Debug;
		};
		B928157C2183AB5A002177E0 /* Release */ = {
			isa = XCBuildConfiguration;
			buildSettings = {
				ALWAYS_SEARCH_USER_PATHS = NO;
				CLANG_ANALYZER_NONNULL = YES;
				CLANG_ANALYZER_NUMBER_OBJECT_CONVERSION = YES_AGGRESSIVE;
				CLANG_CXX_LANGUAGE_STANDARD = "gnu++14";
				CLANG_CXX_LIBRARY = "libc++";
				CLANG_ENABLE_MODULES = YES;
				CLANG_ENABLE_OBJC_ARC = YES;
				CLANG_ENABLE_OBJC_WEAK = YES;
				CLANG_WARN_BLOCK_CAPTURE_AUTORELEASING = YES;
				CLANG_WARN_BOOL_CONVERSION = YES;
				CLANG_WARN_COMMA = YES;
				CLANG_WARN_CONSTANT_CONVERSION = YES;
				CLANG_WARN_DEPRECATED_OBJC_IMPLEMENTATIONS = YES;
				CLANG_WARN_DIRECT_OBJC_ISA_USAGE = YES_ERROR;
				CLANG_WARN_DOCUMENTATION_COMMENTS = YES;
				CLANG_WARN_EMPTY_BODY = YES;
				CLANG_WARN_ENUM_CONVERSION = YES;
				CLANG_WARN_INFINITE_RECURSION = YES;
				CLANG_WARN_INT_CONVERSION = YES;
				CLANG_WARN_NON_LITERAL_NULL_CONVERSION = YES;
				CLANG_WARN_OBJC_IMPLICIT_RETAIN_SELF = YES;
				CLANG_WARN_OBJC_LITERAL_CONVERSION = YES;
				CLANG_WARN_OBJC_ROOT_CLASS = YES_ERROR;
				CLANG_WARN_RANGE_LOOP_ANALYSIS = YES;
				CLANG_WARN_STRICT_PROTOTYPES = YES;
				CLANG_WARN_SUSPICIOUS_MOVE = YES;
				CLANG_WARN_UNGUARDED_AVAILABILITY = YES_AGGRESSIVE;
				CLANG_WARN_UNREACHABLE_CODE = YES;
				CLANG_WARN__DUPLICATE_METHOD_MATCH = YES;
				CODE_SIGN_IDENTITY = "iPhone Developer";
				COPY_PHASE_STRIP = NO;
				DEBUG_INFORMATION_FORMAT = "dwarf-with-dsym";
				ENABLE_NS_ASSERTIONS = NO;
				ENABLE_STRICT_OBJC_MSGSEND = YES;
				GCC_C_LANGUAGE_STANDARD = gnu11;
				GCC_NO_COMMON_BLOCKS = YES;
				GCC_WARN_64_TO_32_BIT_CONVERSION = YES;
				GCC_WARN_ABOUT_RETURN_TYPE = YES_ERROR;
				GCC_WARN_UNDECLARED_SELECTOR = YES;
				GCC_WARN_UNINITIALIZED_AUTOS = YES_AGGRESSIVE;
				GCC_WARN_UNUSED_FUNCTION = YES;
				GCC_WARN_UNUSED_VARIABLE = YES;
				IPHONEOS_DEPLOYMENT_TARGET = 12.1;
				MTL_ENABLE_DEBUG_INFO = NO;
				MTL_FAST_MATH = YES;
				SDKROOT = iphoneos;
				VALIDATE_PRODUCT = YES;
			};
			name = Release;
		};
		B928157E2183AB5A002177E0 /* Debug */ = {
			isa = XCBuildConfiguration;
			buildSettings = {
				ASSETCATALOG_COMPILER_APPICON_NAME = AppIcon;
				CODE_SIGN_STYLE = Automatic;
				DEVELOPMENT_TEAM = N9987K9442;
				INFOPLIST_FILE = PlanetaryHoursCalendar/Info.plist;
				IPHONEOS_DEPLOYMENT_TARGET = 12.1;
				LD_RUNPATH_SEARCH_PATHS = (
					"$(inherited)",
					"@executable_path/Frameworks",
				);
				PRODUCT_BUNDLE_IDENTIFIER = com.blogspot.demonicactivity.bush.alan.james.PlanetaryHoursCalendar;
				PRODUCT_NAME = "$(TARGET_NAME)";
				TARGETED_DEVICE_FAMILY = "1,2";
			};
			name = Debug;
		};
		B928157F2183AB5A002177E0 /* Release */ = {
			isa = XCBuildConfiguration;
			buildSettings = {
				ASSETCATALOG_COMPILER_APPICON_NAME = AppIcon;
				CODE_SIGN_STYLE = Automatic;
				DEVELOPMENT_TEAM = N9987K9442;
				INFOPLIST_FILE = PlanetaryHoursCalendar/Info.plist;
				IPHONEOS_DEPLOYMENT_TARGET = 12.1;
				LD_RUNPATH_SEARCH_PATHS = (
					"$(inherited)",
					"@executable_path/Frameworks",
				);
				PRODUCT_BUNDLE_IDENTIFIER = com.blogspot.demonicactivity.bush.alan.james.PlanetaryHoursCalendar;
				PRODUCT_NAME = "$(TARGET_NAME)";
				TARGETED_DEVICE_FAMILY = "1,2";
			};
			name = Release;
		};
/* End XCBuildConfiguration section */

/* Begin XCConfigurationList section */
		B928155C2183AB59002177E0 /* Build configuration list for PBXProject "PlanetaryHoursCalendar" */ = {
			isa = XCConfigurationList;
			buildConfigurations = (
				B928157B2183AB5A002177E0 /* Debug */,
				B928157C2183AB5A002177E0 /* Release */,
			);
			defaultConfigurationIsVisible = 0;
			defaultConfigurationName = Release;
		};
		B928157D2183AB5A002177E0 /* Build configuration list for PBXNativeTarget "PlanetaryHoursCalendar" */ = {
			isa = XCConfigurationList;
			buildConfigurations = (
				B928157E2183AB5A002177E0 /* Debug */,
				B928157F2183AB5A002177E0 /* Release */,
			);
			defaultConfigurationIsVisible = 0;
			defaultConfigurationName = Release;
		};
/* End XCConfigurationList section */
	};
	rootObject = B92815592183AB59002177E0 /* Project object */;
}
